<Solution Description="Visual Studio slnx file generated by Premake" Version="1.4">
  <Configurations>
    <BuildType Name="Release" />
    <Platform Name="x64" />
  </Configurations>
  <Project Path="reNut-Launcher.vcxproj" Id="12B0F352-FE7D-E758-E711-587FD37EC3BD" DefaultStartup="true">
  </Project>
</Solution>